Microsoft Visual Studio Solution File, Format Version 12.00
# Visual Studio Version 17
VisualStudioVersion = 17.5.2.0
MinimumVisualStudioVersion = 10.0.40219.1
Project("{FAE04EC0-301F-11D3-BF4B-00C04F79EFBC}") = "SimpleClientApp", "SimpleClientApp.csproj", "{3069B7C1-9BCD-9613-B31C-0BFAA2050122}"
EndProject
Global
	GlobalSection(SolutionConfigurationPlatforms) = preSolution
		Debug|Any CPU = Debug|Any CPU
		Release|Any CPU = Release|Any CPU
	EndGlobalSection
	GlobalSection(ProjectConfigurationPlatforms) = postSolution
		{3069B7C1-9BCD-9613-B31C-0BFAA2050122}.Debug|Any CPU.ActiveCfg = Debug|Any CPU
		{3069B7C1-9BCD-9613-B31C-0BFAA2050122}.Debug|Any CPU.Build.0 = Debug|Any CPU
		{3069B7C1-9BCD-9613-B31C-0BFAA2050122}.Release|Any CPU.ActiveCfg = Release|Any CPU
		{3069B7C1-9BCD-9613-B31C-0BFAA2050122}.Release|Any CPU.Build.0 = Release|Any CPU
	EndGlobalSection
	GlobalSection(SolutionProperties) = preSolution
		HideSolutionNode = FALSE
	EndGlobalSection
	GlobalSection(ExtensibilityGlobals) = postSolution
		SolutionGuid = {4DEAFC60-D5F0-4DD2-977B-F9017F83E3C6}
	EndGlobalSection
EndGlobal
